{
  "requires": true,
  "lockfileVersion": 1,
  "dependencies": {
    "rollup": {
      "version": "0.53.0",
      "resolved": "https://registry.npmjs.org/rollup/-/rollup-0.53.0.tgz",
      "integrity": "sha512-bG5RzkF7wcOHmKoVAFtERZ5P9TNJP9/AF+ldwGm/Rx6pejura+Z9BDU0GJtzWu+lYXwjfINmgiCclhLJzP/OXA=="
    }
  }
}
